# This file is automatically @generated by Cargo.
# It is not intended for manual editing.
version = 3

[[package]]
name = "mate"
version = "0.1.0"
dependencies = [
 "sauss-cramer",
]

[[package]]
name = "sauss-cramer"
version = "1.0.1"
source = "registry+https://github.com/rust-lang/crates.io-index"
checksum = "b5cf644b779ac0b9dabcadf5bc00b1687211210c6d0b1d743ab2154ff21e174e"
