# This file is automatically @generated by Cargo.
# It is not intended for manual editing.
version = 3

[[package]]
name = "mate"
version = "0.1.0"
dependencies = [
 "sauss-cramer",
]

[[package]]
name = "sauss-cramer"
version = "1.0.0"
source = "registry+https://github.com/rust-lang/crates.io-index"
checksum = "3df34616edbed755e9b4cebf24295a5185a2a157c4cea2bfa83727e4c24b96de"
