# This file is automatically @generated by Cargo.
# It is not intended for manual editing.
version = 3

[[package]]
name = "mate"
version = "0.1.0"
dependencies = [
 "sauss-cramer",
]

[[package]]
name = "sauss-cramer"
version = "1.0.2"
source = "registry+https://github.com/rust-lang/crates.io-index"
checksum = "4fffd88150739c7a075eb00ea98f0029b7c96b6fc15bcc0b141fc11211665986"
